
Microsoft Visual Studio Solution File, Format Version 12.00
# Visual Studio 15
VisualStudioVersion = 15.0.28307.136
MinimumVisualStudioVersion = 10.0.40219.1
Project("{FAE04EC0-301F-11D3-BF4B-00C04F79EFBC}") = "VendingMashine", "VendingMashine\VendingMashine.csproj", "{882A9F5E-18FF-4F62-A6CF-677992DFE780}"
EndProject
Global
	GlobalSection(SolutionConfigurationPlatforms) = preSolution
		Debug|Any CPU = Debug|Any CPU
		Release|Any CPU = Release|Any CPU
	EndGlobalSection
	GlobalSection(ProjectConfigurationPlatforms) = postSolution
		{882A9F5E-18FF-4F62-A6CF-677992DFE780}.Debug|Any CPU.ActiveCfg = Debug|Any CPU
		{882A9F5E-18FF-4F62-A6CF-677992DFE780}.Debug|Any CPU.Build.0 = Debug|Any CPU
		{882A9F5E-18FF-4F62-A6CF-677992DFE780}.Release|Any CPU.ActiveCfg = Release|Any CPU
		{882A9F5E-18FF-4F62-A6CF-677992DFE780}.Release|Any CPU.Build.0 = Release|Any CPU
	EndGlobalSection
	GlobalSection(SolutionProperties) = preSolution
		HideSolutionNode = FALSE
	EndGlobalSection
	GlobalSection(ExtensibilityGlobals) = postSolution
		SolutionGuid = {02420A47-5010-4DD8-94F8-5B4FFD3181DB}
	EndGlobalSection
EndGlobal
